
Microsoft Visual Studio Solution File, Format Version 12.00
# Visual Studio Version 16
VisualStudioVersion = 16.0.30503.244
MinimumVisualStudioVersion = 10.0.40219.1
Project("{FAE04EC0-301F-11D3-BF4B-00C04F79EFBC}") = "GrayImageTest", "GrayImageTest\GrayImageTest.csproj", "{CE9DFBB5-4C14-4F5E-80C4-CBBF67F3F9E8}"
EndProject
Global
	GlobalSection(SolutionConfigurationPlatforms) = preSolution
		Debug|Any CPU = Debug|Any CPU
		Release|Any CPU = Release|Any CPU
	EndGlobalSection
	GlobalSection(ProjectConfigurationPlatforms) = postSolution
		{CE9DFBB5-4C14-4F5E-80C4-CBBF67F3F9E8}.Debug|Any CPU.ActiveCfg = Debug|Any CPU
		{CE9DFBB5-4C14-4F5E-80C4-CBBF67F3F9E8}.Debug|Any CPU.Build.0 = Debug|Any CPU
		{CE9DFBB5-4C14-4F5E-80C4-CBBF67F3F9E8}.Release|Any CPU.ActiveCfg = Release|Any CPU
		{CE9DFBB5-4C14-4F5E-80C4-CBBF67F3F9E8}.Release|Any CPU.Build.0 = Release|Any CPU
	EndGlobalSection
	GlobalSection(SolutionProperties) = preSolution
		HideSolutionNode = FALSE
	EndGlobalSection
	GlobalSection(ExtensibilityGlobals) = postSolution
		SolutionGuid = {892098D4-BE03-462A-83B0-2383D1F37AAD}
	EndGlobalSection
EndGlobal
